
Microsoft Visual Studio Solution File, Format Version 12.00
# Visual Studio 14
VisualStudioVersion = 14.0.25420.1
MinimumVisualStudioVersion = 10.0.40219.1
Project("{FAE04EC0-301F-11D3-BF4B-00C04F79EFBC}") = "WeatherDataHelper", "WeatherDataHelper\WeatherDataHelper.csproj", "{0B93A99F-A3F1-43BF-BA38-4399038CCC6E}"
EndProject
Project("{FAE04EC0-301F-11D3-BF4B-00C04F79EFBC}") = "ApiUser", "ApiUser\ApiUser.csproj", "{76F21C24-3883-4C06-BE13-CBD6DCE8EFC5}"
EndProject
Project("{FAE04EC0-301F-11D3-BF4B-00C04F79EFBC}") = "WeatherDataTester", "WeatherDataTester\WeatherDataTester.csproj", "{76F926BA-D23C-4220-A41A-7147D101FE30}"
EndProject
Global
	GlobalSection(SolutionConfigurationPlatforms) = preSolution
		Debug|Any CPU = Debug|Any CPU
		Release|Any CPU = Release|Any CPU
	EndGlobalSection
	GlobalSection(ProjectConfigurationPlatforms) = postSolution
		{0B93A99F-A3F1-43BF-BA38-4399038CCC6E}.Debug|Any CPU.ActiveCfg = Debug|Any CPU
		{0B93A99F-A3F1-43BF-BA38-4399038CCC6E}.Debug|Any CPU.Build.0 = Debug|Any CPU
		{0B93A99F-A3F1-43BF-BA38-4399038CCC6E}.Release|Any CPU.ActiveCfg = Release|Any CPU
		{0B93A99F-A3F1-43BF-BA38-4399038CCC6E}.Release|Any CPU.Build.0 = Release|Any CPU
		{76F21C24-3883-4C06-BE13-CBD6DCE8EFC5}.Debug|Any CPU.ActiveCfg = Debug|Any CPU
		{76F21C24-3883-4C06-BE13-CBD6DCE8EFC5}.Debug|Any CPU.Build.0 = Debug|Any CPU
		{76F21C24-3883-4C06-BE13-CBD6DCE8EFC5}.Release|Any CPU.ActiveCfg = Release|Any CPU
		{76F21C24-3883-4C06-BE13-CBD6DCE8EFC5}.Release|Any CPU.Build.0 = Release|Any CPU
		{76F926BA-D23C-4220-A41A-7147D101FE30}.Debug|Any CPU.ActiveCfg = Debug|Any CPU
		{76F926BA-D23C-4220-A41A-7147D101FE30}.Debug|Any CPU.Build.0 = Debug|Any CPU
		{76F926BA-D23C-4220-A41A-7147D101FE30}.Release|Any CPU.ActiveCfg = Release|Any CPU
		{76F926BA-D23C-4220-A41A-7147D101FE30}.Release|Any CPU.Build.0 = Release|Any CPU
	EndGlobalSection
	GlobalSection(SolutionProperties) = preSolution
		HideSolutionNode = FALSE
	EndGlobalSection
EndGlobal
